{
  "name": "algorithm-training",
  "lockfileVersion": 3,
  "requires": true,
  "packages": {
    "": {
      "dependencies": {
        "git-standup": "^2.3.2"
      }
    },
    "node_modules/git-standup": {
      "version": "2.3.2",
      "resolved": "https://registry.npmjs.org/git-standup/-/git-standup-2.3.2.tgz",
      "integrity": "sha512-vDYicak+2y+u6TCtneCx/j6LuT9WhJShyWjTB5dhjXqTB9TJ/uF444OmYwrMlaT0/CqxHOV9NXlML+CR8AJxdA==",
      "bin": {
        "git-standup": "git-standup"
      }
    }
  }
}
